github.com/goburrow/serial v0.1.0 h1:v2T1SQa/dlUqQiYIT8+Cu7YolfqAi3K96UmhwYyuSrA=
github.com/goburrow/serial v0.1.0/go.mod h1:sAiqG0nRVswsm1C97xsttiYCzSLBmUZ/VSlVLZJ8haA=
github.com/goccy/go-yaml v1.19.2 h1:PmFC1S6h8ljIz6gMRBopkjP1TVT7xuwrButHID66PoM=
github.com/goccy/go-yaml v1.19.2/go.mod h1:XBurs7gK8ATbW4ZPGKgcbrY1Br56PdM69F7LkFRi1kA=
github.com/simonvetter/modbus v1.6.4 h1:E03lBz/JftDza/+Ue+vxwkNZ/WW1xiqyFCUQ4NhqHn0=
github.com/simonvetter/modbus v1.6.4/go.mod h1:hh90ZaTaPLcK2REj6/fpTbiV0J6S7GWmd8q+GVRObPw=
